
Microsoft Visual Studio Solution File, Format Version 12.00
# Visual Studio Version 17
VisualStudioVersion = 17.4.33403.182
MinimumVisualStudioVersion = 10.0.40219.1
Project("{FAE04EC0-301F-11D3-BF4B-00C04F79EFBC}") = "apirfagenda20231", "apirfagenda20231\apirfagenda20231.csproj", "{78C08554-93D7-4C2E-9928-C22375AF200E}"
EndProject
Global
	GlobalSection(SolutionConfigurationPlatforms) = preSolution
		Debug|Any CPU = Debug|Any CPU
		Release|Any CPU = Release|Any CPU
	EndGlobalSection
	GlobalSection(ProjectConfigurationPlatforms) = postSolution
		{78C08554-93D7-4C2E-9928-C22375AF200E}.Debug|Any CPU.ActiveCfg = Debug|Any CPU
		{78C08554-93D7-4C2E-9928-C22375AF200E}.Debug|Any CPU.Build.0 = Debug|Any CPU
		{78C08554-93D7-4C2E-9928-C22375AF200E}.Release|Any CPU.ActiveCfg = Release|Any CPU
		{78C08554-93D7-4C2E-9928-C22375AF200E}.Release|Any CPU.Build.0 = Release|Any CPU
	EndGlobalSection
	GlobalSection(SolutionProperties) = preSolution
		HideSolutionNode = FALSE
	EndGlobalSection
	GlobalSection(ExtensibilityGlobals) = postSolution
		SolutionGuid = {03A54872-FBB9-4F0A-BAB6-5FC80594686F}
	EndGlobalSection
EndGlobal
